          - prompt: "arabmaqamrock Symphonic cinematic orchestral ballad, hymn-like grand concert hall acoustics, heavy rock instrumentation, stately groove, 110 BPM. Maqam Hijaz. deep male vocals, mixed-voice chest-head resonance blend on sustained notes, breath-supported melismatic runs, controlled vibrato, full-voiced commanding presence, precise Arabic diction, melismatic phrasing in Maqam Hijaz with unhurried phrase-ending sustains. Audiophile recording, punchy centered mix, forward vocals pulling instrumentation down on sustained phrases then band re-enters between lines, bright presence, clean transients, large dynamic range, natural breath room between phrases. Distorted electric guitars, orchestral strings, weighted acoustic rock drums, tight rhythm section. Mood: Poignant, Chivalric, Emotional.\n[Lyrics]\n[Intro]\nلَبَّيْتَ صَوْتًا زِبَطْرِيًّا هَرَقْتَ لَهُ\nكَأْسَ الْكَرَى وَرُضَابَ الْخُرَّدِ الْعُرُبِ...\n\n[Verse 1]\nلَبَّيْتَ صَوْتًا زِبَطْرِيًّا هَرَقْتَ لَهُ\nكَأْسَ الْكَرَى وَرُضَابَ الْخُرَّدِ الْعُرُبِ...\nعَدَاكَ حَرُّ الثُّغُورِ الْمُسْتَضَامَةِ عَنْ\nبَرْدِ الثُّغُورِ وَعَنْ سَلْسَالِهَا الْحَصِبِ...\n\n[Chorus]\nأَجَبْتَهُ مُعْلِنًا بِالسَّيْفِ مُنْصَلِتًا\nوَلَوْ أَجَبْتَ بِغَيْرِ السَّيْفِ لَمْ تُجِبِ...\nحَتَّى تَرَكْتَ عَمُودَ الشِّرْكِ مُنْعَفِرًا\nوَلَمْ تُعَرِّجْ عَلَى الْأَوْتَادِ وَالطُّنُبِ...\n\n[Verse 2]\nلَمَّا رَأَى الْحَرْبَ رَأْيَ الْعَيْنِ تُوفِلِسٌ\nوَالْحَرْبُ مُشْتَقَّةُ الْمَعْنَى مِنَ الْحَرَبِ...\nغَدَا يُصَرِّفُ بِالْأَمْوَالِ جِرْيَتَهَا\nفَعَزَّهُ الْبَحْرُ ذُو التَّيَّارِ وَالْحَدَبِ...\nهَيْهَاتَ زُعْزِعَتِ الْأَرْضُ الْوَقُورُ بِهِ\nعَنْ غَزْوِ مُحْتَسِبٍ لَا غَزْوِ مُكْتَسِبِ...\nلَمْ يُنْفِقِ الذَّهَبَ الْمُرْبِي بِكَثْرَتِهِ\nعَلَى الْحَصَى وَبِهِ فَقْرٌ إِلَى الذَّهَبِ...\nإِنَّ الْأُسُودَ أُسُودَ الْغَيْلِ هِمَّتُهَا\nيَوْمَ الْكَرِيهَةِ فِي الْمَسْلُوبِ لَا السَّلَبِ...\n\n[Chorus]\nأَجَبْتَهُ مُعْلِنًا بِالسَّيْفِ مُنْصَلِتًا\nوَلَوْ أَجَبْتَ بِغَيْرِ السَّيْفِ لَمْ تُجِبِ...\nحَتَّى تَرَكْتَ عَمُودَ الشِّرْكِ مُنْعَفِرًا\nوَلَمْ تُعَرِّجْ عَلَى الْأَوْتَادِ وَالطُّنُبِ...\n\n[Outro]\nإِنَّ الْأُسُودَ أُسُودَ الْغَيْلِ هِمَّتُهَا\nيَوْمَ الْكَرِيهَةِ فِي الْمَسْلُوبِ لَا السَّلَبِ..."
          - prompt: "arabmaqamrock Symphonic cinematic orchestral ballad, hymn-like grand concert hall acoustics, heavy rock instrumentation, stately groove, 110 BPM. Maqam Kurd. deep male vocals, mixed-voice chest-head resonance blend on sustained notes, breath-supported melismatic runs, controlled vibrato, full-voiced commanding presence, precise Arabic diction, melismatic phrasing in Maqam Kurd with unhurried phrase-ending sustains. Audiophile recording, punchy centered mix, forward vocals pulling instrumentation down on sustained phrases then band re-enters between lines, bright presence, clean transients, large dynamic range, natural breath room between phrases. Distorted electric guitars, orchestral strings, weighted acoustic rock drums, tight rhythm section. Mood: tense, ominous, lethal, dramatic.\n[Lyrics]\n[Intro]\nفَوَرَدْنَ وَالْعَيُّوقُ مَقْعَدَ رَابِئِ الضُّرَبَاءِ...\nفَوْقَ النَّظْمِ لَا يَتَتَلَّعُ...\n\n[Verse 1]\nفَوَرَدْنَ وَالْعَيُّوقُ مَقْعَدَ رَابِئِ الضُّرَبَاءِ...\nفَوْقَ النَّظْمِ لَا يَتَتَلَّعُ...\nفَشَرَعْنَ فِي حَجَرَاتِ عَذْبٍ بَارِدٍ\nحَصِبِ الْبِطَاحِ تَغِيبُ فِيهِ الْأَكْرُعُ...\nفَشَرِبْنَ ثُمَّ سَمِعْنَ حِسًّا دُونَهُ\nشَرَفُ الْحِجَابِ وَرَيْبَ قَرْعٍ يُقْرَعُ...\nوَنَمِيمَةً مِنْ قَانِصٍ مُتَلَبِّبٍ\nفِي كَفِّهِ جَشْءٌ أَجَشُّ وَأَقْطُعُ...\n\n[Chorus]\nفَنَكِرْنَهُ فَنَفَرْنَ وَامْتَرَسَتْ بِهِ\nسَطْعَاءُ هَادِيَةٌ وَهَادٍ جُرْشُعُ...\nفَرَمَى فَأَنْفَذَ مِنْ نَجُودٍ عَائِطٍ\nسَهْمًا فَخَرَّ وَرِيشُهُ مُتَصَمِّعُ...\n\n[Verse 2]\nفَبَدَا لَهُ أَقْرَابُ هَذَا رَائِغًا\nعَجِلًا فَعَيَّثَ فِي الْكِنَانَةِ يُرْجِعُ...\nفَرَمَى فَأَلْحَقَ صَاعِدِيًّا مِطْحَرًا\nبِالْكَشْحِ فَاشْتَمَلَتْ عَلَيْهِ الْأَضْلُعُ...\n\n[Verse 3]\nفَأَبَدَّهُنَّ حُتُوفَهُنَّ فَهَارِبٌ\nبِذَمَائِهِ أَوْ بَارِكٌ مُتَجَعْجِعُ...\nيَعْثُرْنَ فِي حَدِّ الظُّبَاتِ كَأَنَّمَا\nكُسِيَتْ بُرُودَ بَنِي يَزِيدَ الْأَذْرُعُ...\n\n[Outro]\nيَعْثُرْنَ فِي حَدِّ الظُّبَاتِ كَأَنَّمَا\nكُسِيَتْ بُرُودَ بَنِي يَزِيدَ الْأَذْرُعُ..."
          - prompt: "arabmaqamrock Symphonic cinematic orchestral ballad, hymn-like grand concert hall acoustics, heavy rock instrumentation, stately groove, 110 BPM. Maqam Nahawand. deep male vocals, mixed-voice chest-head resonance blend on sustained notes, breath-supported melismatic runs, controlled vibrato, full-voiced commanding presence, precise Arabic diction, melismatic phrasing in Maqam Nahawand with unhurried phrase-ending sustains. Audiophile recording, punchy centered mix, forward vocals pulling instrumentation down on sustained phrases then band re-enters between lines, bright presence, clean transients, large dynamic range, natural breath room between phrases. Distorted electric guitars, orchestral strings, weighted acoustic rock drums, tight rhythm section. Mood: nostalgic, faithful, solemn hope.\n[Lyrics]\n[Intro]\nبِاللَّهِ يَا مَنْزِلَ الْعَيْشِ ٱلَّذِي دَرَسَتْ\nآثَارُهُ وَعَفَتْ مُذْ بِنْتُ أَرْبُعُهُ...\n\n[Verse 1]\nبِاللَّهِ يَا مَنْزِلَ الْعَيْشِ ٱلَّذِي دَرَسَتْ\nآثَارُهُ وَعَفَتْ مُذْ بِنْتُ أَرْبُعُهُ...\nهَلِ الزَّمَانُ مُعِيدٌ فِيكَ لَذَّتَنَا\nأَمِ ٱلَّيَالِي ٱلَّتِي أَمْضَتْهُ تُرْجِعُهُ...\nفِي ذِمَّةِ ٱللَّهِ مَنْ أَصْبَحْتَ مَنْزِلَهُ\nوَجَادَ غَيْثٌ عَلَى مَغْنَاكَ يُمَرِّعُهُ...\nمَنْ عِنْدَهُ لِيَ عَهْدٌ لَا يَضِيعُ كَمَا\nعِنْدِي لَهُ عَهْدُ صِدْقٍ لَا أُضَيِّعُهُ...\nوَمَنْ يُصَدِّعُ قَلْبِي ذِكْرُهُ وَإِذَا\nجَرَى عَلَى قَلْبِهِ ذِكْرِي يُصَدِّعُهُ...\nلَأَصْبِرَنَّ لِدَهْرٍ لَا يُمَتِّعُنِي\nبِهِ وَلَا بِيَ فِي حَالٍ يُمَتِّعُهُ...\n\n[Chorus]\nعِلْمًا بِأَنَّ اصْطِبَارِي مُعْقِبٌ فَرَجًا\nفَأَضْيَقُ الْأَمْرِ إِنْ فَكَّرْتَ أَوْسَعُهُ...\nعَسَى ٱلَّيَالِي ٱلَّتِي أَضْنَتْ بِفُرْقَتِنَا\nجِسْمِي سَتَجْمَعُنِي يَوْمًا وَتَجْمَعُهُ...\n\n[Verse 2]\nوَإِنْ تُغِلَّ أَحَدًا مِنَّا مَنِيَّتُهُ\nلَا بُدَّ فِي غَدِهِ الثَّانِي سَيَتْبَعُهُ...\n\n[Chorus]\nعِلْمًا بِأَنَّ اصْطِبَارِي مُعْقِبٌ فَرَجًا\nفَأَضْيَقُ الْأَمْرِ إِنْ فَكَّرْتَ أَوْسَعُهُ...\nعَسَى ٱلَّيَالِي ٱلَّتِي أَضْنَتْ بِفُرْقَتِنَا\nجِسْمِي سَتَجْمَعُنِي يَوْمًا وَتَجْمَعُهُ...\n\n[Outro]\nوَإِنْ تُغِلَّ أَحَدًا مِنَّا مَنِيَّتُهُ\nلَا بُدَّ فِي غَدِهِ الثَّانِي سَيَتْبَعُهُ..."
          - prompt: "arabmaqamrock Symphonic cinematic orchestral ballad, hymn-like grand concert hall acoustics, heavy rock instrumentation, stately groove, 110 BPM. Maqam Ajam. deep male vocals, mixed-voice chest-head resonance blend on sustained notes, breath-supported melismatic runs, controlled vibrato, full-voiced commanding presence, precise Arabic diction, melismatic phrasing in Maqam Ajam with unhurried phrase-ending sustains. Audiophile recording, punchy centered mix, forward vocals pulling instrumentation down on sustained phrases then band re-enters between lines, bright presence, clean transients, large dynamic range, natural breath room between phrases. Distorted electric guitars, orchestral strings, weighted acoustic rock drums, tight rhythm section. Mood: heroic, proud, defiant.\n[Lyrics]\n[Intro]\nأَيُّهَا النَّاطِقُ الْمُرَقِّشُ عَنَّا\nعِنْدَ عَمْرٍ وَهَلْ لِذَاكَ بَقَاءُ...\n\n[Verse 1]\nأَيُّهَا النَّاطِقُ الْمُرَقِّشُ عَنَّا\nعِنْدَ عَمْرٍ وَهَلْ لِذَاكَ بَقَاءُ...\nلَا تَخَلْنَا عَلَى غَرَاتِكَ إِنَّا\nقَبْلُ مَا قَدْ وَشَى بِنَا الْأَعْدَاءُ...\nفَبَقِينَا عَلَى الشَّنَاءَةِ تَنْمِينَا\nحُصُونٌ وَعِزَّةٌ قَعْسَاءُ...\nقَبْلَ مَا الْيَوْمِ بَيَّضَتْ بِعُيُونِ النَّاسِ\nفِيهَا تَغَيُّظٌ وَإِبَاءُ...\n\n[Chorus]\nوَكَأَنَّ الْمَنُونَ تَرْدِي بِنَا أَرْعَنَ\nجَوْنًا يَنْجَابُ عَنْهُ الْعَمَاءُ...\nمُكْفَهِرًّا عَلَى الْحَوَادِثِ لَا تَرْتُوهُ\nلِلدَّهْرِ مُؤْيِدٌ صَمَّاءُ...\n\n[Verse 2]\nأَيَّمَا خُطَّةٍ أَرَدْتُمْ فَأَدُّوهَا\nإِلَيْنَا تَمْشِي بِهَا الْأَمْلَاءُ...\nإِنْ نَبَشْتُمْ مَا بَيْنَ مِلْحَةَ فَالصَّاقِبِ\nفِيهِ الْأَمْوَاتُ وَالْأَحْيَاءُ...\nأَوْ نَقَشْتُمْ فَالنَّقْشُ تَجْشَمُهُ النَّاسُ\nوَفِيهِ الصَّلَاحُ وَالْإِبْرَاءُ...\nأَوْ سَكَتُّمْ عَنَّا فَكُنَّا كَمَنْ أَغْمَضَ\nعَيْنًا فِي جَفْنِهَا الْأَقْذَاءُ...\nأَوْ مَنَعْتُمْ مَا تُسْأَلُونَ فَمَنْ حُدِّثْتُمُوهُ\nلَهُ عَلَيْنَا الْعَلَاءُ...\n\n[Outro]\nأَوْ مَنَعْتُمْ مَا تُسْأَلُونَ فَمَنْ حُدِّثْتُمُوهُ\nلَهُ عَلَيْنَا الْعَلَاءُ..."
